// !$*UTF8*$!
{
	archiveVersion = 1;
	classes = {
	};
	objectVersion = 50;
	objects = {

/* Begin PBXBuildFile section */
		633E5A7F2217B08E000AF779 /* BSLimitFormTextFild.m in Sources */ = {isa = PBXBuildFile; fileRef = 633E5A7D2217B08E000AF779 /* BSLimitFormTextFild.m */; };
		63E9609A21D72C330069FCBD /* AppDelegate.m in Sources */ = {isa = PBXBuildFile; fileRef = 63E9609921D72C330069FCBD /* AppDelegate.m */; };
		63E9609D21D72C330069FCBD /* ViewController.m in Sources */ = {isa = PBXBuildFile; fileRef = 63E9609C21D72C330069FCBD /* ViewController.m */; };
		63E960A021D72C330069FCBD /* Main.storyboard in Resources */ = {isa = PBXBuildFile; fileRef = 63E9609E21D72C330069FCBD /* Main.storyboard */; };
		63E960A221D72C350069FCBD /* Assets.xcassets in Resources */ = {isa = PBXBuildFile; fileRef = 63E960A121D72C350069FCBD /* Assets.xcassets */; };
		63E960A521D72C350069FCBD /* LaunchScreen.storyboard in Resources */ = {isa = PBXBuildFile; fileRef = 63E960A321D72C350069FCBD /* LaunchScreen.storyboard */; };
		63E960A821D72C350069FCBD /* main.m in Sources */ = {isa = PBXBuildFile; fileRef = 63E960A721D72C350069FCBD /* main.m */; };
/* End PBXBuildFile section */

/* Begin PBXFileReference section */
		633E5A7D2217B08E000AF779 /* BSLimitFormTextFild.m */ = {isa = PBXFileReference; fileEncoding = 4; lastKnownFileType = sourcecode.c.objc; path = BSLimitFormTextFild.m; sourceTree = "<group>"; };
		633E5A7E2217B08E000AF779 /* BSLimitFormTextFild.h */ = {isa = PBXFileReference; fileEncoding = 4; lastKnownFileType = sourcecode.c.h; path = BSLimitFormTextFild.h; sourceTree = "<group>"; };
		63E9609521D72C330069FCBD /* BSLimitFormTextFildDemo.app */ = {isa = PBXFileReference; explicitFileType = wrapper.application; includeInIndex = 0; path = BSLimitFormTextFildDemo.app; sourceTree = BUILT_PRODUCTS_DIR; };
		63E9609821D72C330069FCBD /* AppDelegate.h */ = {isa = PBXFileReference; lastKnownFileType = sourcecode.c.h; path = AppDelegate.h; sourceTree = "<group>"; };
		63E9609921D72C330069FCBD /* AppDelegate.m */ = {isa = PBXFileReference; lastKnownFileType = sourcecode.c.objc; path = AppDelegate.m; sourceTree = "<group>"; };
		63E9609B21D72C330069FCBD /* ViewController.h */ = {isa = PBXFileReference; lastKnownFileType = sourcecode.c.h; path = ViewController.h; sourceTree = "<group>"; };
		63E9609C21D72C330069FCBD /* ViewController.m */ = {isa = PBXFileReference; lastKnownFileType = sourcecode.c.objc; path = ViewController.m; sourceTree = "<group>"; };
		63E9609F21D72C330069FCBD /* Base */ = {isa = PBXFileReference; lastKnownFileType = file.storyboard; name = Base; path = Base.lproj/Main.storyboard; sourceTree = "<group>"; };
		63E960A121D72C350069FCBD /* Assets.xcassets */ = {isa = PBXFileReference; lastKnownFileType = folder.assetcatalog; path = Assets.xcassets; sourceTree = "<group>"; };
		63E960A421D72C350069FCBD /* Base */ = {isa = PBXFileReference; lastKnownFileType = file.storyboard; name = Base; path = Base.lproj/LaunchScreen.storyboard; sourceTree = "<group>"; };
		63E960A621D72C350069FCBD /* Info.plist */ = {isa = PBXFileReference; lastKnownFileType = text.plist.xml; path = Info.plist; sourceTree = "<group>"; };
		63E960A721D72C350069FCBD /* main.m */ = {isa = PBXFileReference; lastKnownFileType = sourcecode.c.objc; path = main.m; sourceTree = "<group>"; };
/* End PBXFileReference section */

/* Begin PBXFrameworksBuildPhase section */
		63E9609221D72C330069FCBD /* Frameworks */ = {
			isa = PBXFrameworksBuildPhase;
			buildActionMask = 2147483647;
			files = (
			);
			runOnlyForDeploymentPostprocessing = 0;
		};
/* End PBXFrameworksBuildPhase section */

/* Begin PBXGroup section */
		633E5A7C2217B08E000AF779 /* BSLimitFormTextFild */ = {
			isa = PBXGroup;
			children = (
				633E5A7D2217B08E000AF779 /* BSLimitFormTextFild.m */,
				633E5A7E2217B08E000AF779 /* BSLimitFormTextFild.h */,
			);
			path = BSLimitFormTextFild;
			sourceTree = "<group>";
		};
		63E9608C21D72C330069FCBD = {
			isa = PBXGroup;
			children = (
				633E5A7C2217B08E000AF779 /* BSLimitFormTextFild */,
				63E9609721D72C330069FCBD /* BSLimitFormTextFildDemo */,
				63E9609621D72C330069FCBD /* Products */,
			);
			sourceTree = "<group>";
		};
		63E9609621D72C330069FCBD /* Products */ = {
			isa = PBXGroup;
			children = (
				63E9609521D72C330069FCBD /* BSLimitFormTextFildDemo.app */,
			);
			name = Products;
			sourceTree = "<group>";
		};
		63E9609721D72C330069FCBD /* BSLimitFormTextFildDemo */ = {
			isa = PBXGroup;
			children = (
				63E9609821D72C330069FCBD /* AppDelegate.h */,
				63E9609921D72C330069FCBD /* AppDelegate.m */,
				63E9609B21D72C330069FCBD /* ViewController.h */,
				63E9609C21D72C330069FCBD /* ViewController.m */,
				63E9609E21D72C330069FCBD /* Main.storyboard */,
				63E960A121D72C350069FCBD /* Assets.xcassets */,
				63E960A321D72C350069FCBD /* LaunchScreen.storyboard */,
				63E960A621D72C350069FCBD /* Info.plist */,
				63E960A721D72C350069FCBD /* main.m */,
			);
			path = BSLimitFormTextFildDemo;
			sourceTree = "<group>";
		};
/* End PBXGroup section */

/* Begin PBXNativeTarget section */
		63E9609421D72C330069FCBD /* BSLimitFormTextFildDemo */ = {
			isa = PBXNativeTarget;
			buildConfigurationList = 63E960AB21D72C350069FCBD /* Build configuration list for PBXNativeTarget "BSLimitFormTextFildDemo" */;
			buildPhases = (
				63E9609121D72C330069FCBD /* Sources */,
				63E9609221D72C330069FCBD /* Frameworks */,
				63E9609321D72C330069FCBD /* Resources */,
			);
			buildRules = (
			);
			dependencies = (
			);
			name = BSLimitFormTextFildDemo;
			productName = BSLimitFormTextFildDemo;
			productReference = 63E9609521D72C330069FCBD /* BSLimitFormTextFildDemo.app */;
			productType = "com.apple.product-type.application";
		};
/* End PBXNativeTarget section */

/* Begin PBXProject section */
		63E9608D21D72C330069FCBD /* Project object */ = {
			isa = PBXProject;
			attributes = {
				LastUpgradeCheck = 1010;
				ORGANIZATIONNAME = lbs;
				TargetAttributes = {
					63E9609421D72C330069FCBD = {
						CreatedOnToolsVersion = 10.1;
					};
				};
			};
			buildConfigurationList = 63E9609021D72C330069FCBD /* Build configuration list for PBXProject "BSLimitFormTextFildDemo" */;
			compatibilityVersion = "Xcode 9.3";
			developmentRegion = en;
			hasScannedForEncodings = 0;
			knownRegions = (
				en,
				Base,
			);
			mainGroup = 63E9608C21D72C330069FCBD;
			productRefGroup = 63E9609621D72C330069FCBD /* Products */;
			projectDirPath = "";
			projectRoot = "";
			targets = (
				63E9609421D72C330069FCBD /* BSLimitFormTextFildDemo */,
			);
		};
/* End PBXProject section */

/* Begin PBXResourcesBuildPhase section */
		63E9609321D72C330069FCBD /* Resources */ = {
			isa = PBXResourcesBuildPhase;
			buildActionMask = 2147483647;
			files = (
				63E960A521D72C350069FCBD /* LaunchScreen.storyboard in Resources */,
				63E960A221D72C350069FCBD /* Assets.xcassets in Resources */,
				63E960A021D72C330069FCBD /* Main.storyboard in Resources */,
			);
			runOnlyForDeploymentPostprocessing = 0;
		};
/* End PBXResourcesBuildPhase section */

/* Begin PBXSourcesBuildPhase section */
		63E9609121D72C330069FCBD /* Sources */ = {
			isa = PBXSourcesBuildPhase;
			buildActionMask = 2147483647;
			files = (
				633E5A7F2217B08E000AF779 /* BSLimitFormTextFild.m in Sources */,
				63E9609D21D72C330069FCBD /* ViewController.m in Sources */,
				63E960A821D72C350069FCBD /* main.m in Sources */,
				63E9609A21D72C330069FCBD /* AppDelegate.m in Sources */,
			);
			runOnlyForDeploymentPostprocessing = 0;
		};
/* End PBXSourcesBuildPhase section */

/* Begin PBXVariantGroup section */
		63E9609E21D72C330069FCBD /* Main.storyboard */ = {
			isa = PBXVariantGroup;
			children = (
				63E9609F21D72C330069FCBD /* Base */,
			);
			name = Main.storyboard;
			sourceTree = "<group>";
		};
		63E960A321D72C350069FCBD /* LaunchScreen.storyboard */ = {
			isa = PBXVariantGroup;
			children = (
				63E960A421D72C350069FCBD /* Base */,
			);
			name = LaunchScreen.storyboard;
			sourceTree = "<group>";
		};
/* End PBXVariantGroup section */

/* Begin XCBuildConfiguration section */
		63E960A921D72C350069FCBD /* Debug */ = {
			isa = XCBuildConfiguration;
			buildSettings = {
				ALWAYS_SEARCH_USER_PATHS = NO;
				CLANG_ANALYZER_NONNULL = YES;
				CLANG_ANALYZER_NUMBER_OBJECT_CONVERSION = YES_AGGRESSIVE;
				CLANG_CXX_LANGUAGE_STANDARD = "gnu++14";
				CLANG_CXX_LIBRARY = "libc++";
				CLANG_ENABLE_MODULES = YES;
				CLANG_ENABLE_OBJC_ARC = YES;
				CLANG_ENABLE_OBJC_WEAK = YES;
				CLANG_WARN_BLOCK_CAPTURE_AUTORELEASING = YES;
				CLANG_WARN_BOOL_CONVERSION = YES;
				CLANG_WARN_COMMA = YES;
				CLANG_WARN_CONSTANT_CONVERSION = YES;
				CLANG_WARN_DEPRECATED_OBJC_IMPLEMENTATIONS = YES;
				CLANG_WARN_DIRECT_OBJC_ISA_USAGE = YES_ERROR;
				CLANG_WARN_DOCUMENTATION_COMMENTS = YES;
				CLANG_WARN_EMPTY_BODY = YES;
				CLANG_WARN_ENUM_CONVERSION = YES;
				CLANG_WARN_INFINITE_RECURSION = YES;
				CLANG_WARN_INT_CONVERSION = YES;
				CLANG_WARN_NON_LITERAL_NULL_CONVERSION = YES;
				CLANG_WARN_OBJC_IMPLICIT_RETAIN_SELF = YES;
				CLANG_WARN_OBJC_LITERAL_CONVERSION = YES;
				CLANG_WARN_OBJC_ROOT_CLASS = YES_ERROR;
				CLANG_WARN_RANGE_LOOP_ANALYSIS = YES;
				CLANG_WARN_STRICT_PROTOTYPES = YES;
				CLANG_WARN_SUSPICIOUS_MOVE = YES;
				CLANG_WARN_UNGUARDED_AVAILABILITY = YES_AGGRESSIVE;
				CLANG_WARN_UNREACHABLE_CODE = YES;
				CLANG_WARN__DUPLICATE_METHOD_MATCH = YES;
				CODE_SIGN_IDENTITY = "iPhone Developer";
				COPY_PHASE_STRIP = NO;
				DEBUG_INFORMATION_FORMAT = dwarf;
				ENABLE_STRICT_OBJC_MSGSEND = YES;
				ENABLE_TESTABILITY = YES;
				GCC_C_LANGUAGE_STANDARD = gnu11;
				GCC_DYNAMIC_NO_PIC = NO;
				GCC_NO_COMMON_BLOCKS = YES;
				GCC_OPTIMIZATION_LEVEL = 0;
				GCC_PREPROCESSOR_DEFINITIONS = (
					"DEBUG=1",
					"$(inherited)",
				);
				GCC_WARN_64_TO_32_BIT_CONVERSION = YES;
				GCC_WARN_ABOUT_RETURN_TYPE = YES_ERROR;
				GCC_WARN_UNDECLARED_SELECTOR = YES;
				GCC_WARN_UNINITIALIZED_AUTOS = YES_AGGRESSIVE;
				GCC_WARN_UNUSED_FUNCTION = YES;
				GCC_WARN_UNUSED_VARIABLE = YES;
				IPHONEOS_DEPLOYMENT_TARGET = 12.1;
				MTL_ENABLE_DEBUG_INFO = INCLUDE_SOURCE;
				MTL_FAST_MATH = YES;
				ONLY_ACTIVE_ARCH = YES;
				SDKROOT = iphoneos;
			};
			name = Debug;
		};
		63E960AA21D72C350069FCBD /* Release */ = {
			isa = XCBuildConfiguration;
			buildSettings = {
				ALWAYS_SEARCH_USER_PATHS = NO;
				CLANG_ANALYZER_NONNULL = YES;
				CLANG_ANALYZER_NUMBER_OBJECT_CONVERSION = YES_AGGRESSIVE;
				CLANG_CXX_LANGUAGE_STANDARD = "gnu++14";
				CLANG_CXX_LIBRARY = "libc++";
				CLANG_ENABLE_MODULES = YES;
				CLANG_ENABLE_OBJC_ARC = YES;
				CLANG_ENABLE_OBJC_WEAK = YES;
				CLANG_WARN_BLOCK_CAPTURE_AUTORELEASING = YES;
				CLANG_WARN_BOOL_CONVERSION = YES;
				CLANG_WARN_COMMA = YES;
				CLANG_WARN_CONSTANT_CONVERSION = YES;
				CLANG_WARN_DEPRECATED_OBJC_IMPLEMENTATIONS = YES;
				CLANG_WARN_DIRECT_OBJC_ISA_USAGE = YES_ERROR;
				CLANG_WARN_DOCUMENTATION_COMMENTS = YES;
				CLANG_WARN_EMPTY_BODY = YES;
				CLANG_WARN_ENUM_CONVERSION = YES;
				CLANG_WARN_INFINITE_RECURSION = YES;
				CLANG_WARN_INT_CONVERSION = YES;
				CLANG_WARN_NON_LITERAL_NULL_CONVERSION = YES;
				CLANG_WARN_OBJC_IMPLICIT_RETAIN_SELF = YES;
				CLANG_WARN_OBJC_LITERAL_CONVERSION = YES;
				CLANG_WARN_OBJC_ROOT_CLASS = YES_ERROR;
				CLANG_WARN_RANGE_LOOP_ANALYSIS = YES;
				CLANG_WARN_STRICT_PROTOTYPES = YES;
				CLANG_WARN_SUSPICIOUS_MOVE = YES;
				CLANG_WARN_UNGUARDED_AVAILABILITY = YES_AGGRESSIVE;
				CLANG_WARN_UNREACHABLE_CODE = YES;
				CLANG_WARN__DUPLICATE_METHOD_MATCH = YES;
				CODE_SIGN_IDENTITY = "iPhone Developer";
				COPY_PHASE_STRIP = NO;
				DEBUG_INFORMATION_FORMAT = "dwarf-with-dsym";
				ENABLE_NS_ASSERTIONS = NO;
				ENABLE_STRICT_OBJC_MSGSEND = YES;
				GCC_C_LANGUAGE_STANDARD = gnu11;
				GCC_NO_COMMON_BLOCKS = YES;
				GCC_WARN_64_TO_32_BIT_CONVERSION = YES;
				GCC_WARN_ABOUT_RETURN_TYPE = YES_ERROR;
				GCC_WARN_UNDECLARED_SELECTOR = YES;
				GCC_WARN_UNINITIALIZED_AUTOS = YES_AGGRESSIVE;
				GCC_WARN_UNUSED_FUNCTION = YES;
				GCC_WARN_UNUSED_VARIABLE = YES;
				IPHONEOS_DEPLOYMENT_TARGET = 12.1;
				MTL_ENABLE_DEBUG_INFO = NO;
				MTL_FAST_MATH = YES;
				SDKROOT = iphoneos;
				VALIDATE_PRODUCT = YES;
			};
			name = Release;
		};
		63E960AC21D72C350069FCBD /* Debug */ = {
			isa = XCBuildConfiguration;
			buildSettings = {
				ASSETCATALOG_COMPILER_APPICON_NAME = AppIcon;
				CODE_SIGN_STYLE = Automatic;
				INFOPLIST_FILE = BSLimitFormTextFildDemo/Info.plist;
				LD_RUNPATH_SEARCH_PATHS = (
					"$(inherited)",
					"@executable_path/Frameworks",
				);
				PRODUCT_BUNDLE_IDENTIFIER = lbs.BSLimitFormTextFildDemo;
				PRODUCT_NAME = "$(TARGET_NAME)";
				TARGETED_DEVICE_FAMILY = "1,2";
			};
			name = Debug;
		};
		63E960AD21D72C350069FCBD /* Release */ = {
			isa = XCBuildConfiguration;
			buildSettings = {
				ASSETCATALOG_COMPILER_APPICON_NAME = AppIcon;
				CODE_SIGN_STYLE = Automatic;
				INFOPLIST_FILE = BSLimitFormTextFildDemo/Info.plist;
				LD_RUNPATH_SEARCH_PATHS = (
					"$(inherited)",
					"@executable_path/Frameworks",
				);
				PRODUCT_BUNDLE_IDENTIFIER = lbs.BSLimitFormTextFildDemo;
				PRODUCT_NAME = "$(TARGET_NAME)";
				TARGETED_DEVICE_FAMILY = "1,2";
			};
			name = Release;
		};
/* End XCBuildConfiguration section */

/* Begin XCConfigurationList section */
		63E9609021D72C330069FCBD /* Build configuration list for PBXProject "BSLimitFormTextFildDemo" */ = {
			isa = XCConfigurationList;
			buildConfigurations = (
				63E960A921D72C350069FCBD /* Debug */,
				63E960AA21D72C350069FCBD /* Release */,
			);
			defaultConfigurationIsVisible = 0;
			defaultConfigurationName = Release;
		};
		63E960AB21D72C350069FCBD /* Build configuration list for PBXNativeTarget "BSLimitFormTextFildDemo" */ = {
			isa = XCConfigurationList;
			buildConfigurations = (
				63E960AC21D72C350069FCBD /* Debug */,
				63E960AD21D72C350069FCBD /* Release */,
			);
			defaultConfigurationIsVisible = 0;
			defaultConfigurationName = Release;
		};
/* End XCConfigurationList section */
	};
	rootObject = 63E9608D21D72C330069FCBD /* Project object */;
}
